// !$*UTF8*$!
{
	archiveVersion = 1;
	classes = {
	};
	objectVersion = 55;
	objects = {

/* Begin PBXBuildFile section */
		E2741473277337C900861006 /* GasBuddyApp.swift in Sources */ = {isa = PBXBuildFile; fileRef = E2741472277337C900861006 /* GasBuddyApp.swift */; };
		E2741475277337C900861006 /* ContentView.swift in Sources */ = {isa = PBXBuildFile; fileRef = E2741474277337C900861006 /* ContentView.swift */; };
		E2741477277337CA00861006 /* Assets.xcassets in Resources */ = {isa = PBXBuildFile; fileRef = E2741476277337CA00861006 /* Assets.xcassets */; };
		E274147A277337CA00861006 /* Preview Assets.xcassets in Resources */ = {isa = PBXBuildFile; fileRef = E2741479277337CA00861006 /* Preview Assets.xcassets */; };
		E274147C277337CA00861006 /* Persistence.swift in Sources */ = {isa = PBXBuildFile; fileRef = E274147B277337CA00861006 /* Persistence.swift */; };
		E274147F277337CA00861006 /* GasBuddy.xcdatamodeld in Sources */ = {isa = PBXBuildFile; fileRef = E274147D277337CA00861006 /* GasBuddy.xcdatamodeld */; };
		E2741489277337CA00861006 /* GasBuddyTests.swift in Sources */ = {isa = PBXBuildFile; fileRef = E2741488277337CA00861006 /* GasBuddyTests.swift */; };
		E2741493277337CA00861006 /* GasBuddyUITests.swift in Sources */ = {isa = PBXBuildFile; fileRef = E2741492277337CA00861006 /* GasBuddyUITests.swift */; };
		E2741495277337CA00861006 /* GasBuddyUITestsLaunchTests.swift in Sources */ = {isa = PBXBuildFile; fileRef = E2741494277337CA00861006 /* GasBuddyUITestsLaunchTests.swift */; };
		E27414A327744CB100861006 /* DashboardView.swift in Sources */ = {isa = PBXBuildFile; fileRef = E27414A227744CB100861006 /* DashboardView.swift */; };
		E27414A72774B19000861006 /* NewTripView.swift in Sources */ = {isa = PBXBuildFile; fileRef = E27414A62774B19000861006 /* NewTripView.swift */; };
		E27414AA2774BAE100861006 /* LocationViewModel.swift in Sources */ = {isa = PBXBuildFile; fileRef = E27414A92774BAE100861006 /* LocationViewModel.swift */; };
		E27414AC2774C19D00861006 /* LocationView.swift in Sources */ = {isa = PBXBuildFile; fileRef = E27414AB2774C19D00861006 /* LocationView.swift */; };
		E27414AE2774D09D00861006 /* MyTripsView.swift in Sources */ = {isa = PBXBuildFile; fileRef = E27414AD2774D09C00861006 /* MyTripsView.swift */; };
		E27414B02777414900861006 /* GasStationSearchViewModel.swift in Sources */ = {isa = PBXBuildFile; fileRef = E27414AF2777414900861006 /* GasStationSearchViewModel.swift */; };
		E27414B22777C9DD00861006 /* TripsMapView.swift in Sources */ = {isa = PBXBuildFile; fileRef = E27414B12777C9DD00861006 /* TripsMapView.swift */; };
/* End PBXBuildFile section */

/* Begin PBXContainerItemProxy section */
		E2741485277337CA00861006 /* PBXContainerItemProxy */ = {
			isa = PBXContainerItemProxy;
			containerPortal = E2741467277337C900861006 /* Project object */;
			proxyType = 1;
			remoteGlobalIDString = E274146E277337C900861006;
			remoteInfo = GasBuddy;
		};
		E274148F277337CA00861006 /* PBXContainerItemProxy */ = {
			isa = PBXContainerItemProxy;
			containerPortal = E2741467277337C900861006 /* Project object */;
			proxyType = 1;
			remoteGlobalIDString = E274146E277337C900861006;
			remoteInfo = GasBuddy;
		};
/* End PBXContainerItemProxy section */

/* Begin PBXFileReference section */
		E274146F277337C900861006 /* GasBuddy.app */ = {isa = PBXFileReference; explicitFileType = wrapper.application; includeInIndex = 0; path = GasBuddy.app; sourceTree = BUILT_PRODUCTS_DIR; };
		E2741472277337C900861006 /* GasBuddyApp.swift */ = {isa = PBXFileReference; lastKnownFileType = sourcecode.swift; path = GasBuddyApp.swift; sourceTree = "<group>"; };
		E2741474277337C900861006 /* ContentView.swift */ = {isa = PBXFileReference; lastKnownFileType = sourcecode.swift; path = ContentView.swift; sourceTree = "<group>"; };
		E2741476277337CA00861006 /* Assets.xcassets */ = {isa = PBXFileReference; lastKnownFileType = folder.assetcatalog; path = Assets.xcassets; sourceTree = "<group>"; };
		E2741479277337CA00861006 /* Preview Assets.xcassets */ = {isa = PBXFileReference; lastKnownFileType = folder.assetcatalog; path = "Preview Assets.xcassets"; sourceTree = "<group>"; };
		E274147B277337CA00861006 /* Persistence.swift */ = {isa = PBXFileReference; lastKnownFileType = sourcecode.swift; path = Persistence.swift; sourceTree = "<group>"; };
		E274147E277337CA00861006 /* GasBuddy.xcdatamodel */ = {isa = PBXFileReference; lastKnownFileType = wrapper.xcdatamodel; path = GasBuddy.xcdatamodel; sourceTree = "<group>"; };
		E2741484277337CA00861006 /* GasBuddyTests.xctest */ = {isa = PBXFileReference; explicitFileType = wrapper.cfbundle; includeInIndex = 0; path = GasBuddyTests.xctest; sourceTree = BUILT_PRODUCTS_DIR; };
		E2741488277337CA00861006 /* GasBuddyTests.swift */ = {isa = PBXFileReference; lastKnownFileType = sourcecode.swift; path = GasBuddyTests.swift; sourceTree = "<group>"; };
		E274148E277337CA00861006 /* GasBuddyUITests.xctest */ = {isa = PBXFileReference; explicitFileType = wrapper.cfbundle; includeInIndex = 0; path = GasBuddyUITests.xctest; sourceTree = BUILT_PRODUCTS_DIR; };
		E2741492277337CA00861006 /* GasBuddyUITests.swift */ = {isa = PBXFileReference; lastKnownFileType = sourcecode.swift; path = GasBuddyUITests.swift; sourceTree = "<group>"; };
		E2741494277337CA00861006 /* GasBuddyUITestsLaunchTests.swift */ = {isa = PBXFileReference; lastKnownFileType = sourcecode.swift; path = GasBuddyUITestsLaunchTests.swift; sourceTree = "<group>"; };
		E27414A227744CB100861006 /* DashboardView.swift */ = {isa = PBXFileReference; lastKnownFileType = sourcecode.swift; path = DashboardView.swift; sourceTree = "<group>"; };
		E27414A42774511500861006 /* MyPlayground.playground */ = {isa = PBXFileReference; lastKnownFileType = file.playground; path = MyPlayground.playground; sourceTree = "<group>"; xcLanguageSpecificationIdentifier = xcode.lang.swift; };
		E27414A52774AA0000861006 /* ViewPlayground.playground */ = {isa = PBXFileReference; lastKnownFileType = file.playground; path = ViewPlayground.playground; sourceTree = "<group>"; xcLanguageSpecificationIdentifier = xcode.lang.swift; };
		E27414A62774B19000861006 /* NewTripView.swift */ = {isa = PBXFileReference; lastKnownFileType = sourcecode.swift; path = NewTripView.swift; sourceTree = "<group>"; };
		E27414A92774BAE100861006 /* LocationViewModel.swift */ = {isa = PBXFileReference; lastKnownFileType = sourcecode.swift; path = LocationViewModel.swift; sourceTree = "<group>"; };
		E27414AB2774C19D00861006 /* LocationView.swift */ = {isa = PBXFileReference; lastKnownFileType = sourcecode.swift; path = LocationView.swift; sourceTree = "<group>"; };
		E27414AD2774D09C00861006 /* MyTripsView.swift */ = {isa = PBXFileReference; lastKnownFileType = sourcecode.swift; path = MyTripsView.swift; sourceTree = "<group>"; };
		E27414AF2777414900861006 /* GasStationSearchViewModel.swift */ = {isa = PBXFileReference; lastKnownFileType = sourcecode.swift; path = GasStationSearchViewModel.swift; sourceTree = "<group>"; };
		E27414B12777C9DD00861006 /* TripsMapView.swift */ = {isa = PBXFileReference; lastKnownFileType = sourcecode.swift; path = TripsMapView.swift; sourceTree = "<group>"; };
/* End PBXFileReference section */

/* Begin PBXFrameworksBuildPhase section */
		E274146C277337C900861006 /* Frameworks */ = {
			isa = PBXFrameworksBuildPhase;
			buildActionMask = 2147483647;
			files = (
			);
			runOnlyForDeploymentPostprocessing = 0;
		};
		E2741481277337CA00861006 /* Frameworks */ = {
			isa = PBXFrameworksBuildPhase;
			buildActionMask = 2147483647;
			files = (
			);
			runOnlyForDeploymentPostprocessing = 0;
		};
		E274148B277337CA00861006 /* Frameworks */ = {
			isa = PBXFrameworksBuildPhase;
			buildActionMask = 2147483647;
			files = (
			);
			runOnlyForDeploymentPostprocessing = 0;
		};
/* End PBXFrameworksBuildPhase section */

/* Begin PBXGroup section */
		E2741466277337C900861006 = {
			isa = PBXGroup;
			children = (
				E27414A52774AA0000861006 /* ViewPlayground.playground */,
				E27414A42774511500861006 /* MyPlayground.playground */,
				E2741471277337C900861006 /* GasBuddy */,
				E2741487277337CA00861006 /* GasBuddyTests */,
				E2741491277337CA00861006 /* GasBuddyUITests */,
				E2741470277337C900861006 /* Products */,
			);
			sourceTree = "<group>";
		};
		E2741470277337C900861006 /* Products */ = {
			isa = PBXGroup;
			children = (
				E274146F277337C900861006 /* GasBuddy.app */,
				E2741484277337CA00861006 /* GasBuddyTests.xctest */,
				E274148E277337CA00861006 /* GasBuddyUITests.xctest */,
			);
			name = Products;
			sourceTree = "<group>";
		};
		E2741471277337C900861006 /* GasBuddy */ = {
			isa = PBXGroup;
			children = (
				E27414A82774BACB00861006 /* ViewModels */,
				E27414A1277447B300861006 /* Views */,
				E2741472277337C900861006 /* GasBuddyApp.swift */,
				E2741476277337CA00861006 /* Assets.xcassets */,
				E274147B277337CA00861006 /* Persistence.swift */,
				E274147D277337CA00861006 /* GasBuddy.xcdatamodeld */,
				E2741478277337CA00861006 /* Preview Content */,
			);
			path = GasBuddy;
			sourceTree = "<group>";
		};
		E2741478277337CA00861006 /* Preview Content */ = {
			isa = PBXGroup;
			children = (
				E2741479277337CA00861006 /* Preview Assets.xcassets */,
			);
			path = "Preview Content";
			sourceTree = "<group>";
		};
		E2741487277337CA00861006 /* GasBuddyTests */ = {
			isa = PBXGroup;
			children = (
				E2741488277337CA00861006 /* GasBuddyTests.swift */,
			);
			path = GasBuddyTests;
			sourceTree = "<group>";
		};
		E2741491277337CA00861006 /* GasBuddyUITests */ = {
			isa = PBXGroup;
			children = (
				E2741492277337CA00861006 /* GasBuddyUITests.swift */,
				E2741494277337CA00861006 /* GasBuddyUITestsLaunchTests.swift */,
			);
			path = GasBuddyUITests;
			sourceTree = "<group>";
		};
		E27414A1277447B300861006 /* Views */ = {
			isa = PBXGroup;
			children = (
				E2741474277337C900861006 /* ContentView.swift */,
				E27414A227744CB100861006 /* DashboardView.swift */,
				E27414A62774B19000861006 /* NewTripView.swift */,
				E27414AB2774C19D00861006 /* LocationView.swift */,
				E27414AD2774D09C00861006 /* MyTripsView.swift */,
				E27414B12777C9DD00861006 /* TripsMapView.swift */,
			);
			path = Views;
			sourceTree = "<group>";
		};
		E27414A82774BACB00861006 /* ViewModels */ = {
			isa = PBXGroup;
			children = (
				E27414A92774BAE100861006 /* LocationViewModel.swift */,
				E27414AF2777414900861006 /* GasStationSearchViewModel.swift */,
			);
			path = ViewModels;
			sourceTree = "<group>";
		};
/* End PBXGroup section */

/* Begin PBXNativeTarget section */
		E274146E277337C900861006 /* GasBuddy */ = {
			isa = PBXNativeTarget;
			buildConfigurationList = E2741498277337CA00861006 /* Build configuration list for PBXNativeTarget "GasBuddy" */;
			buildPhases = (
				E274146B277337C900861006 /* Sources */,
				E274146C277337C900861006 /* Frameworks */,
				E274146D277337C900861006 /* Resources */,
			);
			buildRules = (
			);
			dependencies = (
			);
			name = GasBuddy;
			productName = GasBuddy;
			productReference = E274146F277337C900861006 /* GasBuddy.app */;
			productType = "com.apple.product-type.application";
		};
		E2741483277337CA00861006 /* GasBuddyTests */ = {
			isa = PBXNativeTarget;
			buildConfigurationList = E274149B277337CA00861006 /* Build configuration list for PBXNativeTarget "GasBuddyTests" */;
			buildPhases = (
				E2741480277337CA00861006 /* Sources */,
				E2741481277337CA00861006 /* Frameworks */,
				E2741482277337CA00861006 /* Resources */,
			);
			buildRules = (
			);
			dependencies = (
				E2741486277337CA00861006 /* PBXTargetDependency */,
			);
			name = GasBuddyTests;
			productName = GasBuddyTests;
			productReference = E2741484277337CA00861006 /* GasBuddyTests.xctest */;
			productType = "com.apple.product-type.bundle.unit-test";
		};
		E274148D277337CA00861006 /* GasBuddyUITests */ = {
			isa = PBXNativeTarget;
			buildConfigurationList = E274149E277337CA00861006 /* Build configuration list for PBXNativeTarget "GasBuddyUITests" */;
			buildPhases = (
				E274148A277337CA00861006 /* Sources */,
				E274148B277337CA00861006 /* Frameworks */,
				E274148C277337CA00861006 /* Resources */,
			);
			buildRules = (
			);
			dependencies = (
				E2741490277337CA00861006 /* PBXTargetDependency */,
			);
			name = GasBuddyUITests;
			productName = GasBuddyUITests;
			productReference = E274148E277337CA00861006 /* GasBuddyUITests.xctest */;
			productType = "com.apple.product-type.bundle.ui-testing";
		};
/* End PBXNativeTarget section */

/* Begin PBXProject section */
		E2741467277337C900861006 /* Project object */ = {
			isa = PBXProject;
			attributes = {
				BuildIndependentTargetsInParallel = 1;
				LastSwiftUpdateCheck = 1320;
				LastUpgradeCheck = 1320;
				TargetAttributes = {
					E274146E277337C900861006 = {
						CreatedOnToolsVersion = 13.2.1;
					};
					E2741483277337CA00861006 = {
						CreatedOnToolsVersion = 13.2.1;
						TestTargetID = E274146E277337C900861006;
					};
					E274148D277337CA00861006 = {
						CreatedOnToolsVersion = 13.2.1;
						TestTargetID = E274146E277337C900861006;
					};
				};
			};
			buildConfigurationList = E274146A277337C900861006 /* Build configuration list for PBXProject "GasBuddy" */;
			compatibilityVersion = "Xcode 13.0";
			developmentRegion = en;
			hasScannedForEncodings = 0;
			knownRegions = (
				en,
				Base,
			);
			mainGroup = E2741466277337C900861006;
			productRefGroup = E2741470277337C900861006 /* Products */;
			projectDirPath = "";
			projectRoot = "";
			targets = (
				E274146E277337C900861006 /* GasBuddy */,
				E2741483277337CA00861006 /* GasBuddyTests */,
				E274148D277337CA00861006 /* GasBuddyUITests */,
			);
		};
/* End PBXProject section */

/* Begin PBXResourcesBuildPhase section */
		E274146D277337C900861006 /* Resources */ = {
			isa = PBXResourcesBuildPhase;
			buildActionMask = 2147483647;
			files = (
				E274147A277337CA00861006 /* Preview Assets.xcassets in Resources */,
				E2741477277337CA00861006 /* Assets.xcassets in Resources */,
			);
			runOnlyForDeploymentPostprocessing = 0;
		};
		E2741482277337CA00861006 /* Resources */ = {
			isa = PBXResourcesBuildPhase;
			buildActionMask = 2147483647;
			files = (
			);
			runOnlyForDeploymentPostprocessing = 0;
		};
		E274148C277337CA00861006 /* Resources */ = {
			isa = PBXResourcesBuildPhase;
			buildActionMask = 2147483647;
			files = (
			);
			runOnlyForDeploymentPostprocessing = 0;
		};
/* End PBXResourcesBuildPhase section */

/* Begin PBXSourcesBuildPhase section */
		E274146B277337C900861006 /* Sources */ = {
			isa = PBXSourcesBuildPhase;
			buildActionMask = 2147483647;
			files = (
				E27414A72774B19000861006 /* NewTripView.swift in Sources */,
				E27414AC2774C19D00861006 /* LocationView.swift in Sources */,
				E274147F277337CA00861006 /* GasBuddy.xcdatamodeld in Sources */,
				E27414B22777C9DD00861006 /* TripsMapView.swift in Sources */,
				E27414B02777414900861006 /* GasStationSearchViewModel.swift in Sources */,
				E274147C277337CA00861006 /* Persistence.swift in Sources */,
				E27414A327744CB100861006 /* DashboardView.swift in Sources */,
				E27414AA2774BAE100861006 /* LocationViewModel.swift in Sources */,
				E27414AE2774D09D00861006 /* MyTripsView.swift in Sources */,
				E2741475277337C900861006 /* ContentView.swift in Sources */,
				E2741473277337C900861006 /* GasBuddyApp.swift in Sources */,
			);
			runOnlyForDeploymentPostprocessing = 0;
		};
		E2741480277337CA00861006 /* Sources */ = {
			isa = PBXSourcesBuildPhase;
			buildActionMask = 2147483647;
			files = (
				E2741489277337CA00861006 /* GasBuddyTests.swift in Sources */,
			);
			runOnlyForDeploymentPostprocessing = 0;
		};
		E274148A277337CA00861006 /* Sources */ = {
			isa = PBXSourcesBuildPhase;
			buildActionMask = 2147483647;
			files = (
				E2741495277337CA00861006 /* GasBuddyUITestsLaunchTests.swift in Sources */,
				E2741493277337CA00861006 /* GasBuddyUITests.swift in Sources */,
			);
			runOnlyForDeploymentPostprocessing = 0;
		};
/* End PBXSourcesBuildPhase section */

/* Begin PBXTargetDependency section */
		E2741486277337CA00861006 /* PBXTargetDependency */ = {
			isa = PBXTargetDependency;
			target = E274146E277337C900861006 /* GasBuddy */;
			targetProxy = E2741485277337CA00861006 /* PBXContainerItemProxy */;
		};
		E2741490277337CA00861006 /* PBXTargetDependency */ = {
			isa = PBXTargetDependency;
			target = E274146E277337C900861006 /* GasBuddy */;
			targetProxy = E274148F277337CA00861006 /* PBXContainerItemProxy */;
		};
/* End PBXTargetDependency section */

/* Begin XCBuildConfiguration section */
		E2741496277337CA00861006 /* Debug */ = {
			isa = XCBuildConfiguration;
			buildSettings = {
				ALWAYS_SEARCH_USER_PATHS = NO;
				CLANG_ANALYZER_NONNULL = YES;
				CLANG_ANALYZER_NUMBER_OBJECT_CONVERSION = YES_AGGRESSIVE;
				CLANG_CXX_LANGUAGE_STANDARD = "gnu++17";
				CLANG_CXX_LIBRARY = "libc++";
				CLANG_ENABLE_MODULES = YES;
				CLANG_ENABLE_OBJC_ARC = YES;
				CLANG_ENABLE_OBJC_WEAK = YES;
				CLANG_WARN_BLOCK_CAPTURE_AUTORELEASING = YES;
				CLANG_WARN_BOOL_CONVERSION = YES;
				CLANG_WARN_COMMA = YES;
				CLANG_WARN_CONSTANT_CONVERSION = YES;
				CLANG_WARN_DEPRECATED_OBJC_IMPLEMENTATIONS = YES;
				CLANG_WARN_DIRECT_OBJC_ISA_USAGE = YES_ERROR;
				CLANG_WARN_DOCUMENTATION_COMMENTS = YES;
				CLANG_WARN_EMPTY_BODY = YES;
				CLANG_WARN_ENUM_CONVERSION = YES;
				CLANG_WARN_INFINITE_RECURSION = YES;
				CLANG_WARN_INT_CONVERSION = YES;
				CLANG_WARN_NON_LITERAL_NULL_CONVERSION = YES;
				CLANG_WARN_OBJC_IMPLICIT_RETAIN_SELF = YES;
				CLANG_WARN_OBJC_LITERAL_CONVERSION = YES;
				CLANG_WARN_OBJC_ROOT_CLASS = YES_ERROR;
				CLANG_WARN_QUOTED_INCLUDE_IN_FRAMEWORK_HEADER = YES;
				CLANG_WARN_RANGE_LOOP_ANALYSIS = YES;
				CLANG_WARN_STRICT_PROTOTYPES = YES;
				CLANG_WARN_SUSPICIOUS_MOVE = YES;
				CLANG_WARN_UNGUARDED_AVAILABILITY = YES_AGGRESSIVE;
				CLANG_WARN_UNREACHABLE_CODE = YES;
				CLANG_WARN__DUPLICATE_METHOD_MATCH = YES;
				COPY_PHASE_STRIP = NO;
				DEBUG_INFORMATION_FORMAT = dwarf;
				ENABLE_STRICT_OBJC_MSGSEND = YES;
				ENABLE_TESTABILITY = YES;
				GCC_C_LANGUAGE_STANDARD = gnu11;
				GCC_DYNAMIC_NO_PIC = NO;
				GCC_NO_COMMON_BLOCKS = YES;
				GCC_OPTIMIZATION_LEVEL = 0;
				GCC_PREPROCESSOR_DEFINITIONS = (
					"DEBUG=1",
					"$(inherited)",
				);
				GCC_WARN_64_TO_32_BIT_CONVERSION = YES;
				GCC_WARN_ABOUT_RETURN_TYPE = YES_ERROR;
				GCC_WARN_UNDECLARED_SELECTOR = YES;
				GCC_WARN_UNINITIALIZED_AUTOS = YES_AGGRESSIVE;
				GCC_WARN_UNUSED_FUNCTION = YES;
				GCC_WARN_UNUSED_VARIABLE = YES;
				IPHONEOS_DEPLOYMENT_TARGET = 15.2;
				MTL_ENABLE_DEBUG_INFO = INCLUDE_SOURCE;
				MTL_FAST_MATH = YES;
				ONLY_ACTIVE_ARCH = YES;
				SDKROOT = iphoneos;
				SWIFT_ACTIVE_COMPILATION_CONDITIONS = DEBUG;
				SWIFT_OPTIMIZATION_LEVEL = "-Onone";
			};
			name = Debug;
		};
		E2741497277337CA00861006 /* Release */ = {
			isa = XCBuildConfiguration;
			buildSettings = {
				ALWAYS_SEARCH_USER_PATHS = NO;
				CLANG_ANALYZER_NONNULL = YES;
				CLANG_ANALYZER_NUMBER_OBJECT_CONVERSION = YES_AGGRESSIVE;
				CLANG_CXX_LANGUAGE_STANDARD = "gnu++17";
				CLANG_CXX_LIBRARY = "libc++";
				CLANG_ENABLE_MODULES = YES;
				CLANG_ENABLE_OBJC_ARC = YES;
				CLANG_ENABLE_OBJC_WEAK = YES;
				CLANG_WARN_BLOCK_CAPTURE_AUTORELEASING = YES;
				CLANG_WARN_BOOL_CONVERSION = YES;
				CLANG_WARN_COMMA = YES;
				CLANG_WARN_CONSTANT_CONVERSION = YES;
				CLANG_WARN_DEPRECATED_OBJC_IMPLEMENTATIONS = YES;
				CLANG_WARN_DIRECT_OBJC_ISA_USAGE = YES_ERROR;
				CLANG_WARN_DOCUMENTATION_COMMENTS = YES;
				CLANG_WARN_EMPTY_BODY = YES;
				CLANG_WARN_ENUM_CONVERSION = YES;
				CLANG_WARN_INFINITE_RECURSION = YES;
				CLANG_WARN_INT_CONVERSION = YES;
				CLANG_WARN_NON_LITERAL_NULL_CONVERSION = YES;
				CLANG_WARN_OBJC_IMPLICIT_RETAIN_SELF = YES;
				CLANG_WARN_OBJC_LITERAL_CONVERSION = YES;
				CLANG_WARN_OBJC_ROOT_CLASS = YES_ERROR;
				CLANG_WARN_QUOTED_INCLUDE_IN_FRAMEWORK_HEADER = YES;
				CLANG_WARN_RANGE_LOOP_ANALYSIS = YES;
				CLANG_WARN_STRICT_PROTOTYPES = YES;
				CLANG_WARN_SUSPICIOUS_MOVE = YES;
				CLANG_WARN_UNGUARDED_AVAILABILITY = YES_AGGRESSIVE;
				CLANG_WARN_UNREACHABLE_CODE = YES;
				CLANG_WARN__DUPLICATE_METHOD_MATCH = YES;
				COPY_PHASE_STRIP = NO;
				DEBUG_INFORMATION_FORMAT = "dwarf-with-dsym";
				ENABLE_NS_ASSERTIONS = NO;
				ENABLE_STRICT_OBJC_MSGSEND = YES;
				GCC_C_LANGUAGE_STANDARD = gnu11;
				GCC_NO_COMMON_BLOCKS = YES;
				GCC_WARN_64_TO_32_BIT_CONVERSION = YES;
				GCC_WARN_ABOUT_RETURN_TYPE = YES_ERROR;
				GCC_WARN_UNDECLARED_SELECTOR = YES;
				GCC_WARN_UNINITIALIZED_AUTOS = YES_AGGRESSIVE;
				GCC_WARN_UNUSED_FUNCTION = YES;
				GCC_WARN_UNUSED_VARIABLE = YES;
				IPHONEOS_DEPLOYMENT_TARGET = 15.2;
				MTL_ENABLE_DEBUG_INFO = NO;
				MTL_FAST_MATH = YES;
				SDKROOT = iphoneos;
				SWIFT_COMPILATION_MODE = wholemodule;
				SWIFT_OPTIMIZATION_LEVEL = "-O";
				VALIDATE_PRODUCT = YES;
			};
			name = Release;
		};
		E2741499277337CA00861006 /* Debug */ = {
			isa = XCBuildConfiguration;
			buildSettings = {
				ASSETCATALOG_COMPILER_APPICON_NAME = AppIcon;
				ASSETCATALOG_COMPILER_GLOBAL_ACCENT_COLOR_NAME = AccentColor;
				CODE_SIGN_STYLE = Automatic;
				CURRENT_PROJECT_VERSION = 2;
				DEVELOPMENT_ASSET_PATHS = "\"GasBuddy/Preview Content\"";
				DEVELOPMENT_TEAM = W862DC2K44;
				ENABLE_PREVIEWS = YES;
				GENERATE_INFOPLIST_FILE = YES;
				INFOPLIST_KEY_NSLocationWhenInUseUsageDescription = "GasBuddy uses your location to find gas stations.";
				INFOPLIST_KEY_UIApplicationSceneManifest_Generation = YES;
				INFOPLIST_KEY_UIApplicationSupportsIndirectInputEvents = YES;
				INFOPLIST_KEY_UILaunchScreen_Generation = YES;
				INFOPLIST_KEY_UISupportedInterfaceOrientations = UIInterfaceOrientationPortrait;
				INFOPLIST_KEY_UISupportedInterfaceOrientations_iPad = "UIInterfaceOrientationPortrait UIInterfaceOrientationPortraitUpsideDown UIInterfaceOrientationLandscapeLeft UIInterfaceOrientationLandscapeRight";
				INFOPLIST_KEY_UISupportedInterfaceOrientations_iPhone = "UIInterfaceOrientationPortrait UIInterfaceOrientationLandscapeLeft UIInterfaceOrientationLandscapeRight";
				LD_RUNPATH_SEARCH_PATHS = (
					"$(inherited)",
					"@executable_path/Frameworks",
				);
				MARKETING_VERSION = 1.1;
				PRODUCT_BUNDLE_IDENTIFIER = com.yuhan.GasBuddy;
				PRODUCT_NAME = "$(TARGET_NAME)";
				SWIFT_EMIT_LOC_STRINGS = YES;
				SWIFT_VERSION = 5.0;
				TARGETED_DEVICE_FAMILY = 1;
			};
			name = Debug;
		};
		E274149A277337CA00861006 /* Release */ = {
			isa = XCBuildConfiguration;
			buildSettings = {
				ASSETCATALOG_COMPILER_APPICON_NAME = AppIcon;
				ASSETCATALOG_COMPILER_GLOBAL_ACCENT_COLOR_NAME = AccentColor;
				CODE_SIGN_STYLE = Automatic;
				CURRENT_PROJECT_VERSION = 2;
				DEVELOPMENT_ASSET_PATHS = "\"GasBuddy/Preview Content\"";
				DEVELOPMENT_TEAM = W862DC2K44;
				ENABLE_PREVIEWS = YES;
				GENERATE_INFOPLIST_FILE = YES;
				INFOPLIST_KEY_NSLocationWhenInUseUsageDescription = "GasBuddy uses your location to find gas stations.";
				INFOPLIST_KEY_UIApplicationSceneManifest_Generation = YES;
				INFOPLIST_KEY_UIApplicationSupportsIndirectInputEvents = YES;
				INFOPLIST_KEY_UILaunchScreen_Generation = YES;
				INFOPLIST_KEY_UISupportedInterfaceOrientations = UIInterfaceOrientationPortrait;
				INFOPLIST_KEY_UISupportedInterfaceOrientations_iPad = "UIInterfaceOrientationPortrait UIInterfaceOrientationPortraitUpsideDown UIInterfaceOrientationLandscapeLeft UIInterfaceOrientationLandscapeRight";
				INFOPLIST_KEY_UISupportedInterfaceOrientations_iPhone = "UIInterfaceOrientationPortrait UIInterfaceOrientationLandscapeLeft UIInterfaceOrientationLandscapeRight";
				LD_RUNPATH_SEARCH_PATHS = (
					"$(inherited)",
					"@executable_path/Frameworks",
				);
				MARKETING_VERSION = 1.1;
				PRODUCT_BUNDLE_IDENTIFIER = com.yuhan.GasBuddy;
				PRODUCT_NAME = "$(TARGET_NAME)";
				SWIFT_EMIT_LOC_STRINGS = YES;
				SWIFT_VERSION = 5.0;
				TARGETED_DEVICE_FAMILY = 1;
			};
			name = Release;
		};
		E274149C277337CA00861006 /* Debug */ = {
			isa = XCBuildConfiguration;
			buildSettings = {
				ALWAYS_EMBED_SWIFT_STANDARD_LIBRARIES = YES;
				BUNDLE_LOADER = "$(TEST_HOST)";
				CODE_SIGN_STYLE = Automatic;
				CURRENT_PROJECT_VERSION = 1;
				DEVELOPMENT_TEAM = W862DC2K44;
				GENERATE_INFOPLIST_FILE = YES;
				IPHONEOS_DEPLOYMENT_TARGET = 15.2;
				MARKETING_VERSION = 1.0;
				PRODUCT_BUNDLE_IDENTIFIER = com.yuhan.GasBuddyTests;
				PRODUCT_NAME = "$(TARGET_NAME)";
				SWIFT_EMIT_LOC_STRINGS = NO;
				SWIFT_VERSION = 5.0;
				TARGETED_DEVICE_FAMILY = "1,2";
				TEST_HOST = "$(BUILT_PRODUCTS_DIR)/GasBuddy.app/GasBuddy";
			};
			name = Debug;
		};
		E274149D277337CA00861006 /* Release */ = {
			isa = XCBuildConfiguration;
			buildSettings = {
				ALWAYS_EMBED_SWIFT_STANDARD_LIBRARIES = YES;
				BUNDLE_LOADER = "$(TEST_HOST)";
				CODE_SIGN_STYLE = Automatic;
				CURRENT_PROJECT_VERSION = 1;
				DEVELOPMENT_TEAM = W862DC2K44;
				GENERATE_INFOPLIST_FILE = YES;
				IPHONEOS_DEPLOYMENT_TARGET = 15.2;
				MARKETING_VERSION = 1.0;
				PRODUCT_BUNDLE_IDENTIFIER = com.yuhan.GasBuddyTests;
				PRODUCT_NAME = "$(TARGET_NAME)";
				SWIFT_EMIT_LOC_STRINGS = NO;
				SWIFT_VERSION = 5.0;
				TARGETED_DEVICE_FAMILY = "1,2";
				TEST_HOST = "$(BUILT_PRODUCTS_DIR)/GasBuddy.app/GasBuddy";
			};
			name = Release;
		};
		E274149F277337CA00861006 /* Debug */ = {
			isa = XCBuildConfiguration;
			buildSettings = {
				ALWAYS_EMBED_SWIFT_STANDARD_LIBRARIES = YES;
				CODE_SIGN_STYLE = Automatic;
				CURRENT_PROJECT_VERSION = 1;
				DEVELOPMENT_TEAM = W862DC2K44;
				GENERATE_INFOPLIST_FILE = YES;
				MARKETING_VERSION = 1.0;
				PRODUCT_BUNDLE_IDENTIFIER = com.yuhan.GasBuddyUITests;
				PRODUCT_NAME = "$(TARGET_NAME)";
				SWIFT_EMIT_LOC_STRINGS = NO;
				SWIFT_VERSION = 5.0;
				TARGETED_DEVICE_FAMILY = "1,2";
				TEST_TARGET_NAME = GasBuddy;
			};
			name = Debug;
		};
		E27414A0277337CA00861006 /* Release */ = {
			isa = XCBuildConfiguration;
			buildSettings = {
				ALWAYS_EMBED_SWIFT_STANDARD_LIBRARIES = YES;
				CODE_SIGN_STYLE = Automatic;
				CURRENT_PROJECT_VERSION = 1;
				DEVELOPMENT_TEAM = W862DC2K44;
				GENERATE_INFOPLIST_FILE = YES;
				MARKETING_VERSION = 1.0;
				PRODUCT_BUNDLE_IDENTIFIER = com.yuhan.GasBuddyUITests;
				PRODUCT_NAME = "$(TARGET_NAME)";
				SWIFT_EMIT_LOC_STRINGS = NO;
				SWIFT_VERSION = 5.0;
				TARGETED_DEVICE_FAMILY = "1,2";
				TEST_TARGET_NAME = GasBuddy;
			};
			name = Release;
		};
/* End XCBuildConfiguration section */

/* Begin XCConfigurationList section */
		E274146A277337C900861006 /* Build configuration list for PBXProject "GasBuddy" */ = {
			isa = XCConfigurationList;
			buildConfigurations = (
				E2741496277337CA00861006 /* Debug */,
				E2741497277337CA00861006 /* Release */,
			);
			defaultConfigurationIsVisible = 0;
			defaultConfigurationName = Release;
		};
		E2741498277337CA00861006 /* Build configuration list for PBXNativeTarget "GasBuddy" */ = {
			isa = XCConfigurationList;
			buildConfigurations = (
				E2741499277337CA00861006 /* Debug */,
				E274149A277337CA00861006 /* Release */,
			);
			defaultConfigurationIsVisible = 0;
			defaultConfigurationName = Release;
		};
		E274149B277337CA00861006 /* Build configuration list for PBXNativeTarget "GasBuddyTests" */ = {
			isa = XCConfigurationList;
			buildConfigurations = (
				E274149C277337CA00861006 /* Debug */,
				E274149D277337CA00861006 /* Release */,
			);
			defaultConfigurationIsVisible = 0;
			defaultConfigurationName = Release;
		};
		E274149E277337CA00861006 /* Build configuration list for PBXNativeTarget "GasBuddyUITests" */ = {
			isa = XCConfigurationList;
			buildConfigurations = (
				E274149F277337CA00861006 /* Debug */,
				E27414A0277337CA00861006 /* Release */,
			);
			defaultConfigurationIsVisible = 0;
			defaultConfigurationName = Release;
		};
/* End XCConfigurationList section */

/* Begin XCVersionGroup section */
		E274147D277337CA00861006 /* GasBuddy.xcdatamodeld */ = {
			isa = XCVersionGroup;
			children = (
				E274147E277337CA00861006 /* GasBuddy.xcdatamodel */,
			);
			currentVersion = E274147E277337CA00861006 /* GasBuddy.xcdatamodel */;
			path = GasBuddy.xcdatamodeld;
			sourceTree = "<group>";
			versionGroupType = wrapper.xcdatamodel;
		};
/* End XCVersionGroup section */
	};
	rootObject = E2741467277337C900861006 /* Project object */;
}
